
Microsoft Visual Studio Solution File, Format Version 12.00
# Visual Studio Version 17
VisualStudioVersion = 17.1.32407.343
MinimumVisualStudioVersion = 10.0.40219.1
Project("{FAE04EC0-301F-11D3-BF4B-00C04F79EFBC}") = "DemoAddition", "DemoAddition.csproj", "{9498DC9D-210B-466E-8766-2CA5293D52CD}"
EndProject
Global
	GlobalSection(SolutionConfigurationPlatforms) = preSolution
		Debug|Any CPU = Debug|Any CPU
		Release|Any CPU = Release|Any CPU
	EndGlobalSection
	GlobalSection(ProjectConfigurationPlatforms) = postSolution
		{9498DC9D-210B-466E-8766-2CA5293D52CD}.Debug|Any CPU.ActiveCfg = Debug|Any CPU
		{9498DC9D-210B-466E-8766-2CA5293D52CD}.Debug|Any CPU.Build.0 = Debug|Any CPU
		{9498DC9D-210B-466E-8766-2CA5293D52CD}.Release|Any CPU.ActiveCfg = Release|Any CPU
		{9498DC9D-210B-466E-8766-2CA5293D52CD}.Release|Any CPU.Build.0 = Release|Any CPU
	EndGlobalSection
	GlobalSection(SolutionProperties) = preSolution
		HideSolutionNode = FALSE
	EndGlobalSection
	GlobalSection(ExtensibilityGlobals) = postSolution
		SolutionGuid = {F91D4E6C-4BCE-4941-8327-D7ACE07C62EA}
	EndGlobalSection
EndGlobal
